
Microsoft Visual Studio Solution File, Format Version 12.00
# Visual Studio Version 16
VisualStudioVersion = 16.0.29424.173
MinimumVisualStudioVersion = 10.0.40219.1
Project("{FAE04EC0-301F-11D3-BF4B-00C04F79EFBC}") = "MyDataBase", "MyDataBase\MyDataBase.csproj", "{802D0138-5C14-4346-98F4-1E2D4FBA1B38}"
EndProject
Global
	GlobalSection(SolutionConfigurationPlatforms) = preSolution
		Debug|Any CPU = Debug|Any CPU
		Release|Any CPU = Release|Any CPU
	EndGlobalSection
	GlobalSection(ProjectConfigurationPlatforms) = postSolution
		{802D0138-5C14-4346-98F4-1E2D4FBA1B38}.Debug|Any CPU.ActiveCfg = Debug|Any CPU
		{802D0138-5C14-4346-98F4-1E2D4FBA1B38}.Debug|Any CPU.Build.0 = Debug|Any CPU
		{802D0138-5C14-4346-98F4-1E2D4FBA1B38}.Release|Any CPU.ActiveCfg = Release|Any CPU
		{802D0138-5C14-4346-98F4-1E2D4FBA1B38}.Release|Any CPU.Build.0 = Release|Any CPU
	EndGlobalSection
	GlobalSection(SolutionProperties) = preSolution
		HideSolutionNode = FALSE
	EndGlobalSection
	GlobalSection(ExtensibilityGlobals) = postSolution
		SolutionGuid = {D90090A4-2D2A-4540-B90E-DC172CAB864D}
	EndGlobalSection
EndGlobal
